
Microsoft Visual Studio Solution File, Format Version 12.00
# Visual Studio Version 17
VisualStudioVersion = 17.13.35806.99
MinimumVisualStudioVersion = 10.0.40219.1
Project("{FAE04EC0-301F-11D3-BF4B-00C04F79EFBC}") = "MusicRn", "MusicRn\MusicRn.csproj", "{A28B5DCA-C036-4678-9F1E-7182CD36FF00}"
EndProject
Project("{FAE04EC0-301F-11D3-BF4B-00C04F79EFBC}") = "AlbumRn", "AlbumRn\AlbumRn.csproj", "{9C4F30DC-6086-4356-8575-587724AC79D8}"
EndProject
Project("{FAE04EC0-301F-11D3-BF4B-00C04F79EFBC}") = "ArtistRn", "ArtistRn\ArtistRn.csproj", "{D3055C17-DAB0-419E-B5BE-063DCB546C5D}"
EndProject
Project("{FAE04EC0-301F-11D3-BF4B-00C04F79EFBC}") = "GenreRn", "GenreRn\GenreRn.csproj", "{04E50BBA-D71F-469C-B631-99C08014AAEC}"
EndProject
Global
	GlobalSection(SolutionConfigurationPlatforms) = preSolution
		Debug|Any CPU = Debug|Any CPU
		Release|Any CPU = Release|Any CPU
	EndGlobalSection
	GlobalSection(ProjectConfigurationPlatforms) = postSolution
		{A28B5DCA-C036-4678-9F1E-7182CD36FF00}.Debug|Any CPU.ActiveCfg = Debug|Any CPU
		{A28B5DCA-C036-4678-9F1E-7182CD36FF00}.Debug|Any CPU.Build.0 = Debug|Any CPU
		{A28B5DCA-C036-4678-9F1E-7182CD36FF00}.Release|Any CPU.ActiveCfg = Release|Any CPU
		{A28B5DCA-C036-4678-9F1E-7182CD36FF00}.Release|Any CPU.Build.0 = Release|Any CPU
		{9C4F30DC-6086-4356-8575-587724AC79D8}.Debug|Any CPU.ActiveCfg = Debug|Any CPU
		{9C4F30DC-6086-4356-8575-587724AC79D8}.Debug|Any CPU.Build.0 = Debug|Any CPU
		{9C4F30DC-6086-4356-8575-587724AC79D8}.Release|Any CPU.ActiveCfg = Release|Any CPU
		{9C4F30DC-6086-4356-8575-587724AC79D8}.Release|Any CPU.Build.0 = Release|Any CPU
		{D3055C17-DAB0-419E-B5BE-063DCB546C5D}.Debug|Any CPU.ActiveCfg = Debug|Any CPU
		{D3055C17-DAB0-419E-B5BE-063DCB546C5D}.Debug|Any CPU.Build.0 = Debug|Any CPU
		{D3055C17-DAB0-419E-B5BE-063DCB546C5D}.Release|Any CPU.ActiveCfg = Release|Any CPU
		{D3055C17-DAB0-419E-B5BE-063DCB546C5D}.Release|Any CPU.Build.0 = Release|Any CPU
		{04E50BBA-D71F-469C-B631-99C08014AAEC}.Debug|Any CPU.ActiveCfg = Debug|Any CPU
		{04E50BBA-D71F-469C-B631-99C08014AAEC}.Debug|Any CPU.Build.0 = Debug|Any CPU
		{04E50BBA-D71F-469C-B631-99C08014AAEC}.Release|Any CPU.ActiveCfg = Release|Any CPU
		{04E50BBA-D71F-469C-B631-99C08014AAEC}.Release|Any CPU.Build.0 = Release|Any CPU
	EndGlobalSection
	GlobalSection(SolutionProperties) = preSolution
		HideSolutionNode = FALSE
	EndGlobalSection
	GlobalSection(ExtensibilityGlobals) = postSolution
		SolutionGuid = {C5BE029D-F02E-43AE-9BDC-8EB01E628C3B}
	EndGlobalSection
EndGlobal
